// !$*UTF8*$!
{
	archiveVersion = 1;
	classes = {
	};
	objectVersion = 45;
	objects = {

/* Begin PBXAppleScriptBuildPhase section */
		257572C4072881A4000BE9CA /* AppleScript */ = {
			isa = PBXAppleScriptBuildPhase;
			buildActionMask = 2147483647;
			contextName = "";
			files = (
				A153D9A80F314B8600AEA39E /* extbt.applescript in AppleScript */,
				A153D9A90F314B8600AEA39E /* About.applescript in AppleScript */,
				A153D9AB0F314B9D00AEA39E /* dellefi.applescript in AppleScript */,
				A1CE6F420F34F4F6003348FB /* radiobt.applescript in AppleScript */,
			);
			isSharedContext = 0;
			runOnlyForDeploymentPostprocessing = 0;
		};
/* End PBXAppleScriptBuildPhase section */

/* Begin PBXBuildFile section */
		257572C8072881A4000BE9CA /* InfoPlist.strings in Resources */ = {isa = PBXBuildFile; fileRef = 089C165CFE840E0CC02AAC07 /* InfoPlist.strings */; };
		257572CA072881A4000BE9CA /* main.m in Sources */ = {isa = PBXBuildFile; fileRef = 29B97316FDCFA39411CA2CEA /* main.m */; settings = {ATTRIBUTES = (); }; };
		257572CC072881A4000BE9CA /* Cocoa.framework in Frameworks */ = {isa = PBXBuildFile; fileRef = 1058C7A1FEA54F0111CA2CBB /* Cocoa.framework */; };
		257572CD072881A4000BE9CA /* AppleScriptKit.framework in Frameworks */ = {isa = PBXBuildFile; fileRef = DA206CF1015C4E2903C91932 /* AppleScriptKit.framework */; };
		60A014C40DBD2AA20071D9A8 /* MainMenu.xib in Resources */ = {isa = PBXBuildFile; fileRef = 60A014C20DBD2AA20071D9A8 /* MainMenu.xib */; };
		A10152F60F476D0900E065AB /* oldgma in Resources */ = {isa = PBXBuildFile; fileRef = A10152F20F476D0900E065AB /* oldgma */; };
		A1221FE90F43AD8100F06954 /* UpdateExtra.app in Resources */ = {isa = PBXBuildFile; fileRef = A1221FE80F43AD8100F06954 /* UpdateExtra.app */; };
		A153D99D0F314B3800AEA39E /* bootpcefiv9 in Resources */ = {isa = PBXBuildFile; fileRef = A153D9480F314B3400AEA39E /* bootpcefiv9 */; };
		A153D99E0F314B3800AEA39E /* Boot in Resources */ = {isa = PBXBuildFile; fileRef = A153D94E0F314B3400AEA39E /* Boot */; };
		A153D99F0F314B3800AEA39E /* SystemConfiguration in Resources */ = {isa = PBXBuildFile; fileRef = A153D9520F314B3400AEA39E /* SystemConfiguration */; };
		A153D9A00F314B3800AEA39E /* DellMini9.png in Resources */ = {isa = PBXBuildFile; fileRef = A153D9550F314B3400AEA39E /* DellMini9.png */; };
		A153D9A10F314B3800AEA39E /* dell_mini_icon.icns in Resources */ = {isa = PBXBuildFile; fileRef = A153D9560F314B3400AEA39E /* dell_mini_icon.icns */; };
		A153D9A20F314B3800AEA39E /* LocalExtensions in Resources */ = {isa = PBXBuildFile; fileRef = A153D9570F314B3500AEA39E /* LocalExtensions */; };
		A153D9A40F314B3800AEA39E /* PrefPanes in Resources */ = {isa = PBXBuildFile; fileRef = A153D96D0F314B3800AEA39E /* PrefPanes */; };
		A153D9A50F314B3800AEA39E /* DSDTPatcher in Resources */ = {isa = PBXBuildFile; fileRef = A153D9950F314B3800AEA39E /* DSDTPatcher */; };
		A153D9A80F314B8600AEA39E /* extbt.applescript in AppleScript */ = {isa = PBXBuildFile; fileRef = A153D9A60F314B8600AEA39E /* extbt.applescript */; settings = {ATTRIBUTES = (Debug, ); }; };
		A153D9A90F314B8600AEA39E /* About.applescript in AppleScript */ = {isa = PBXBuildFile; fileRef = A153D9A70F314B8600AEA39E /* About.applescript */; settings = {ATTRIBUTES = (Debug, ); }; };
		A153D9AB0F314B9D00AEA39E /* dellefi.applescript in AppleScript */ = {isa = PBXBuildFile; fileRef = A153D9AA0F314B9D00AEA39E /* dellefi.applescript */; settings = {ATTRIBUTES = (Debug, ); }; };
		A199B42D0F3A67A700BB581E /* 2FingerScroll in Resources */ = {isa = PBXBuildFile; fileRef = A199B4240F3A67A700BB581E /* 2FingerScroll */; };
		A1B828450F3E675500DAFAC4 /* Extensions in Resources */ = {isa = PBXBuildFile; fileRef = A1B828440F3E675500DAFAC4 /* Extensions */; };
		A1B82A0C0F406CF300DAFAC4 /* bin in Resources */ = {isa = PBXBuildFile; fileRef = A1B82A090F406CF300DAFAC4 /* bin */; };
		A1CE6F420F34F4F6003348FB /* radiobt.applescript in AppleScript */ = {isa = PBXBuildFile; fileRef = A1CE6F410F34F4F6003348FB /* radiobt.applescript */; settings = {ATTRIBUTES = (Debug, ); }; };
		A1D3BDB30F37BAA300A5D3C2 /* Sparkle.framework in Frameworks */ = {isa = PBXBuildFile; fileRef = A1D3BDB20F37BAA300A5D3C2 /* Sparkle.framework */; };
		A1D3BDD50F37BB3600A5D3C2 /* Sparkle.framework in CopyFiles */ = {isa = PBXBuildFile; fileRef = A1D3BDB20F37BAA300A5D3C2 /* Sparkle.framework */; };
		A1D3BDDA0F37BD7A00A5D3C2 /* dsa_pub.pem in Resources */ = {isa = PBXBuildFile; fileRef = A1D3BDD90F37BD7A00A5D3C2 /* dsa_pub.pem */; };
/* End PBXBuildFile section */

/* Begin PBXCopyFilesBuildPhase section */
		A1D3BDCE0F37BAC800A5D3C2 /* CopyFiles */ = {
			isa = PBXCopyFilesBuildPhase;
			buildActionMask = 12;
			dstPath = "";
			dstSubfolderSpec = 10;
			files = (
				A1D3BDD50F37BB3600A5D3C2 /* Sparkle.framework in CopyFiles */,
			);
			runOnlyForDeploymentPostprocessing = 0;
		};
/* End PBXCopyFilesBuildPhase section */

/* Begin PBXFileReference section */
		089C165DFE840E0CC02AAC07 /* English */ = {isa = PBXFileReference; fileEncoding = 10; lastKnownFileType = text.plist.strings; name = English; path = English.lproj/InfoPlist.strings; sourceTree = "<group>"; };
		1058C7A1FEA54F0111CA2CBB /* Cocoa.framework */ = {isa = PBXFileReference; lastKnownFileType = wrapper.framework; name = Cocoa.framework; path = /System/Library/Frameworks/Cocoa.framework; sourceTree = "<absolute>"; };
		257572D5072881A4000BE9CA /* Info.plist */ = {isa = PBXFileReference; lastKnownFileType = text.plist.xml; path = Info.plist; sourceTree = "<group>"; };
		257572D6072881A4000BE9CA /* DellEFI.app */ = {isa = PBXFileReference; explicitFileType = wrapper.application; includeInIndex = 0; path = DellEFI.app; sourceTree = BUILT_PRODUCTS_DIR; };
		29B97316FDCFA39411CA2CEA /* main.m */ = {isa = PBXFileReference; fileEncoding = 30; lastKnownFileType = sourcecode.c.objc; path = main.m; sourceTree = "<group>"; };
		29B97324FDCFA39411CA2CEA /* AppKit.framework */ = {isa = PBXFileReference; lastKnownFileType = wrapper.framework; name = AppKit.framework; path = /System/Library/Frameworks/AppKit.framework; sourceTree = "<absolute>"; };
		29B97325FDCFA39411CA2CEA /* Foundation.framework */ = {isa = PBXFileReference; lastKnownFileType = wrapper.framework; name = Foundation.framework; path = /System/Library/Frameworks/Foundation.framework; sourceTree = "<absolute>"; };
		60A014C30DBD2AA20071D9A8 /* English */ = {isa = PBXFileReference; lastKnownFileType = file.xib; name = English; path = English.lproj/MainMenu.xib; sourceTree = "<group>"; };
		65359356078DD41800E8BB2F /* AppleScriptKit.sdef */ = {isa = PBXFileReference; fileEncoding = 30; lastKnownFileType = text.sdef; name = AppleScriptKit.sdef; path = /System/Library/Frameworks/AppleScriptKit.framework/Versions/A/Resources/AppleScriptKit.sdef; sourceTree = "<absolute>"; };
		A10152F20F476D0900E065AB /* oldgma */ = {isa = PBXFileReference; lastKnownFileType = folder; path = oldgma; sourceTree = "<group>"; };
		A1221FE80F43AD8100F06954 /* UpdateExtra.app */ = {isa = PBXFileReference; lastKnownFileType = wrapper.application; path = UpdateExtra.app; sourceTree = "<group>"; };
		A153D9480F314B3400AEA39E /* bootpcefiv9 */ = {isa = PBXFileReference; lastKnownFileType = folder; path = bootpcefiv9; sourceTree = "<group>"; };
		A153D94E0F314B3400AEA39E /* Boot */ = {isa = PBXFileReference; lastKnownFileType = folder; path = Boot; sourceTree = "<group>"; };
		A153D9520F314B3400AEA39E /* SystemConfiguration */ = {isa = PBXFileReference; lastKnownFileType = folder; path = SystemConfiguration; sourceTree = "<group>"; };
		A153D9550F314B3400AEA39E /* DellMini9.png */ = {isa = PBXFileReference; lastKnownFileType = image.png; path = DellMini9.png; sourceTree = "<group>"; };
		A153D9560F314B3400AEA39E /* dell_mini_icon.icns */ = {isa = PBXFileReference; lastKnownFileType = image.icns; path = dell_mini_icon.icns; sourceTree = "<group>"; };
		A153D9570F314B3500AEA39E /* LocalExtensions */ = {isa = PBXFileReference; lastKnownFileType = folder; path = LocalExtensions; sourceTree = "<group>"; };
		A153D96D0F314B3800AEA39E /* PrefPanes */ = {isa = PBXFileReference; lastKnownFileType = folder; path = PrefPanes; sourceTree = "<group>"; };
		A153D9950F314B3800AEA39E /* DSDTPatcher */ = {isa = PBXFileReference; lastKnownFileType = folder; path = DSDTPatcher; sourceTree = "<group>"; };
		A153D9A60F314B8600AEA39E /* extbt.applescript */ = {isa = PBXFileReference; fileEncoding = 4; lastKnownFileType = sourcecode.applescript; path = extbt.applescript; sourceTree = "<group>"; };
		A153D9A70F314B8600AEA39E /* About.applescript */ = {isa = PBXFileReference; fileEncoding = 4; lastKnownFileType = sourcecode.applescript; path = About.applescript; sourceTree = "<group>"; };
		A153D9AA0F314B9D00AEA39E /* dellefi.applescript */ = {isa = PBXFileReference; fileEncoding = 4; lastKnownFileType = sourcecode.applescript; path = dellefi.applescript; sourceTree = "<group>"; };
		A199B4240F3A67A700BB581E /* 2FingerScroll */ = {isa = PBXFileReference; lastKnownFileType = folder; path = 2FingerScroll; sourceTree = "<group>"; };
		A1B828440F3E675500DAFAC4 /* Extensions */ = {isa = PBXFileReference; lastKnownFileType = folder; path = Extensions; sourceTree = "<group>"; };
		A1B82A090F406CF300DAFAC4 /* bin */ = {isa = PBXFileReference; lastKnownFileType = folder; path = bin; sourceTree = "<group>"; };
		A1CE6F410F34F4F6003348FB /* radiobt.applescript */ = {isa = PBXFileReference; fileEncoding = 4; lastKnownFileType = sourcecode.applescript; path = radiobt.applescript; sourceTree = "<group>"; };
		A1D3BDB20F37BAA300A5D3C2 /* Sparkle.framework */ = {isa = PBXFileReference; lastKnownFileType = wrapper.framework; path = Sparkle.framework; sourceTree = "<group>"; };
		A1D3BDD90F37BD7A00A5D3C2 /* dsa_pub.pem */ = {isa = PBXFileReference; fileEncoding = 4; lastKnownFileType = text; path = dsa_pub.pem; sourceTree = "<group>"; };
		DA206CF1015C4E2903C91932 /* AppleScriptKit.framework */ = {isa = PBXFileReference; lastKnownFileType = wrapper.framework; name = AppleScriptKit.framework; path = /System/Library/Frameworks/AppleScriptKit.framework; sourceTree = "<absolute>"; };
/* End PBXFileReference section */

/* Begin PBXFrameworksBuildPhase section */
		257572CB072881A4000BE9CA /* Frameworks */ = {
			isa = PBXFrameworksBuildPhase;
			buildActionMask = 2147483647;
			files = (
				257572CC072881A4000BE9CA /* Cocoa.framework in Frameworks */,
				257572CD072881A4000BE9CA /* AppleScriptKit.framework in Frameworks */,
				A1D3BDB30F37BAA300A5D3C2 /* Sparkle.framework in Frameworks */,
			);
			runOnlyForDeploymentPostprocessing = 0;
		};
/* End PBXFrameworksBuildPhase section */

/* Begin PBXGroup section */
		080E96DDFE201D6D7F000001 /* Scripts */ = {
			isa = PBXGroup;
			children = (
				A153D9AA0F314B9D00AEA39E /* dellefi.applescript */,
				A153D9A60F314B8600AEA39E /* extbt.applescript */,
				A153D9A70F314B8600AEA39E /* About.applescript */,
				A1CE6F410F34F4F6003348FB /* radiobt.applescript */,
			);
			name = Scripts;
			sourceTree = "<group>";
		};
		1058C7A0FEA54F0111CA2CBB /* Linked Frameworks */ = {
			isa = PBXGroup;
			children = (
				A1D3BDB20F37BAA300A5D3C2 /* Sparkle.framework */,
				1058C7A1FEA54F0111CA2CBB /* Cocoa.framework */,
				DA206CF1015C4E2903C91932 /* AppleScriptKit.framework */,
			);
			name = "Linked Frameworks";
			sourceTree = "<group>";
		};
		1058C7A2FEA54F0111CA2CBB /* Other Frameworks */ = {
			isa = PBXGroup;
			children = (
				29B97325FDCFA39411CA2CEA /* Foundation.framework */,
				29B97324FDCFA39411CA2CEA /* AppKit.framework */,
			);
			name = "Other Frameworks";
			sourceTree = "<group>";
		};
		19C28FACFE9D520D11CA2CBB /* Products */ = {
			isa = PBXGroup;
			children = (
				257572D6072881A4000BE9CA /* DellEFI.app */,
			);
			name = Products;
			sourceTree = "<group>";
		};
		29B97314FDCFA39411CA2CEA /* DellEFI */ = {
			isa = PBXGroup;
			children = (
				080E96DDFE201D6D7F000001 /* Scripts */,
				29B97317FDCFA39411CA2CEA /* Resources */,
				29B97315FDCFA39411CA2CEA /* Other Sources */,
				29B97323FDCFA39411CA2CEA /* Frameworks */,
				19C28FACFE9D520D11CA2CBB /* Products */,
				257572D5072881A4000BE9CA /* Info.plist */,
			);
			name = DellEFI;
			sourceTree = "<group>";
		};
		29B97315FDCFA39411CA2CEA /* Other Sources */ = {
			isa = PBXGroup;
			children = (
				29B97316FDCFA39411CA2CEA /* main.m */,
			);
			name = "Other Sources";
			sourceTree = "<group>";
		};
		29B97317FDCFA39411CA2CEA /* Resources */ = {
			isa = PBXGroup;
			children = (
				A10152F20F476D0900E065AB /* oldgma */,
				A1221FE80F43AD8100F06954 /* UpdateExtra.app */,
				A1B82A090F406CF300DAFAC4 /* bin */,
				A1B828440F3E675500DAFAC4 /* Extensions */,
				A199B4240F3A67A700BB581E /* 2FingerScroll */,
				A1D3BDD90F37BD7A00A5D3C2 /* dsa_pub.pem */,
				A153D9480F314B3400AEA39E /* bootpcefiv9 */,
				A153D94E0F314B3400AEA39E /* Boot */,
				A153D9520F314B3400AEA39E /* SystemConfiguration */,
				A153D9550F314B3400AEA39E /* DellMini9.png */,
				A153D9560F314B3400AEA39E /* dell_mini_icon.icns */,
				A153D9570F314B3500AEA39E /* LocalExtensions */,
				A153D96D0F314B3800AEA39E /* PrefPanes */,
				A153D9950F314B3800AEA39E /* DSDTPatcher */,
				60A014C20DBD2AA20071D9A8 /* MainMenu.xib */,
				089C165CFE840E0CC02AAC07 /* InfoPlist.strings */,
				65359356078DD41800E8BB2F /* AppleScriptKit.sdef */,
			);
			name = Resources;
			sourceTree = "<group>";
		};
		29B97323FDCFA39411CA2CEA /* Frameworks */ = {
			isa = PBXGroup;
			children = (
				1058C7A0FEA54F0111CA2CBB /* Linked Frameworks */,
				1058C7A2FEA54F0111CA2CBB /* Other Frameworks */,
			);
			name = Frameworks;
			sourceTree = "<group>";
		};
/* End PBXGroup section */

/* Begin PBXHeadersBuildPhase section */
		257572C3072881A4000BE9CA /* Headers */ = {
			isa = PBXHeadersBuildPhase;
			buildActionMask = 2147483647;
			files = (
			);
			runOnlyForDeploymentPostprocessing = 0;
		};
/* End PBXHeadersBuildPhase section */

/* Begin PBXNativeTarget section */
		257572C2072881A4000BE9CA /* DellEFI */ = {
			isa = PBXNativeTarget;
			buildConfigurationList = 4E71A80508A2C90C0034BBD9 /* Build configuration list for PBXNativeTarget "DellEFI" */;
			buildPhases = (
				257572C3072881A4000BE9CA /* Headers */,
				257572C4072881A4000BE9CA /* AppleScript */,
				257572C6072881A4000BE9CA /* Resources */,
				257572C9072881A4000BE9CA /* Sources */,
				257572CB072881A4000BE9CA /* Frameworks */,
				A1D3BDCE0F37BAC800A5D3C2 /* CopyFiles */,
			);
			buildRules = (
			);
			dependencies = (
			);
			name = DellEFI;
			productInstallPath = "$(HOME)/Applications";
			productName = DellEFI;
			productReference = 257572D6072881A4000BE9CA /* DellEFI.app */;
			productType = "com.apple.product-type.application";
		};
/* End PBXNativeTarget section */

/* Begin PBXProject section */
		29B97313FDCFA39411CA2CEA /* Project object */ = {
			isa = PBXProject;
			buildConfigurationList = 4E71A80908A2C90C0034BBD9 /* Build configuration list for PBXProject "DellEFI" */;
			compatibilityVersion = "Xcode 3.1";
			hasScannedForEncodings = 1;
			mainGroup = 29B97314FDCFA39411CA2CEA /* DellEFI */;
			projectDirPath = "";
			projectRoot = "";
			targets = (
				257572C2072881A4000BE9CA /* DellEFI */,
			);
		};
/* End PBXProject section */

/* Begin PBXResourcesBuildPhase section */
		257572C6072881A4000BE9CA /* Resources */ = {
			isa = PBXResourcesBuildPhase;
			buildActionMask = 2147483647;
			files = (
				257572C8072881A4000BE9CA /* InfoPlist.strings in Resources */,
				60A014C40DBD2AA20071D9A8 /* MainMenu.xib in Resources */,
				A153D99D0F314B3800AEA39E /* bootpcefiv9 in Resources */,
				A153D99E0F314B3800AEA39E /* Boot in Resources */,
				A153D99F0F314B3800AEA39E /* SystemConfiguration in Resources */,
				A153D9A00F314B3800AEA39E /* DellMini9.png in Resources */,
				A153D9A10F314B3800AEA39E /* dell_mini_icon.icns in Resources */,
				A153D9A20F314B3800AEA39E /* LocalExtensions in Resources */,
				A153D9A40F314B3800AEA39E /* PrefPanes in Resources */,
				A153D9A50F314B3800AEA39E /* DSDTPatcher in Resources */,
				A1D3BDDA0F37BD7A00A5D3C2 /* dsa_pub.pem in Resources */,
				A199B42D0F3A67A700BB581E /* 2FingerScroll in Resources */,
				A1B828450F3E675500DAFAC4 /* Extensions in Resources */,
				A1B82A0C0F406CF300DAFAC4 /* bin in Resources */,
				A1221FE90F43AD8100F06954 /* UpdateExtra.app in Resources */,
				A10152F60F476D0900E065AB /* oldgma in Resources */,
			);
			runOnlyForDeploymentPostprocessing = 0;
		};
/* End PBXResourcesBuildPhase section */

/* Begin PBXSourcesBuildPhase section */
		257572C9072881A4000BE9CA /* Sources */ = {
			isa = PBXSourcesBuildPhase;
			buildActionMask = 2147483647;
			files = (
				257572CA072881A4000BE9CA /* main.m in Sources */,
			);
			runOnlyForDeploymentPostprocessing = 0;
		};
/* End PBXSourcesBuildPhase section */

/* Begin PBXVariantGroup section */
		089C165CFE840E0CC02AAC07 /* InfoPlist.strings */ = {
			isa = PBXVariantGroup;
			children = (
				089C165DFE840E0CC02AAC07 /* English */,
			);
			name = InfoPlist.strings;
			sourceTree = "<group>";
		};
		60A014C20DBD2AA20071D9A8 /* MainMenu.xib */ = {
			isa = PBXVariantGroup;
			children = (
				60A014C30DBD2AA20071D9A8 /* English */,
			);
			name = MainMenu.xib;
			sourceTree = "<group>";
		};
/* End PBXVariantGroup section */

/* Begin XCBuildConfiguration section */
		4E71A80608A2C90C0034BBD9 /* Debug */ = {
			isa = XCBuildConfiguration;
			buildSettings = {
				COPY_PHASE_STRIP = NO;
				FRAMEWORK_SEARCH_PATHS = (
					"$(inherited)",
					"\"$(SRCROOT)\"",
				);
				GCC_DYNAMIC_NO_PIC = NO;
				GCC_ENABLE_FIX_AND_CONTINUE = YES;
				GCC_MODEL_TUNING = G5;
				GCC_OPTIMIZATION_LEVEL = 0;
				INFOPLIST_FILE = Info.plist;
				INSTALL_PATH = "$(HOME)/Applications";
				PRODUCT_NAME = DellEFI;
				WRAPPER_EXTENSION = app;
			};
			name = Debug;
		};
		4E71A80708A2C90C0034BBD9 /* Release */ = {
			isa = XCBuildConfiguration;
			buildSettings = {
				DEBUG_INFORMATION_FORMAT = "dwarf-with-dsym";
				FRAMEWORK_SEARCH_PATHS = (
					"$(inherited)",
					"\"$(SRCROOT)\"",
				);
				GCC_MODEL_TUNING = G5;
				INFOPLIST_FILE = Info.plist;
				INSTALL_PATH = "$(HOME)/Applications";
				OTHER_OSAFLAGS = "-x";
				PRODUCT_NAME = DellEFI;
				WRAPPER_EXTENSION = app;
			};
			name = Release;
		};
		4E71A80A08A2C90C0034BBD9 /* Debug */ = {
			isa = XCBuildConfiguration;
			buildSettings = {
				ARCHS = "$(ARCHS_STANDARD_32_BIT)";
				GCC_C_LANGUAGE_STANDARD = c99;
				GCC_WARN_ABOUT_RETURN_TYPE = YES;
				GCC_WARN_UNUSED_VARIABLE = YES;
				ONLY_ACTIVE_ARCH = YES;
				PREBINDING = NO;
				SDKROOT = macosx10.5;
			};
			name = Debug;
		};
		4E71A80B08A2C90C0034BBD9 /* Release */ = {
			isa = XCBuildConfiguration;
			buildSettings = {
				ARCHS = "$(ARCHS_STANDARD_32_BIT)";
				GCC_C_LANGUAGE_STANDARD = c99;
				GCC_WARN_ABOUT_RETURN_TYPE = YES;
				GCC_WARN_UNUSED_VARIABLE = YES;
				PREBINDING = NO;
				SDKROOT = macosx10.5;
			};
			name = Release;
		};
/* End XCBuildConfiguration section */

/* Begin XCConfigurationList section */
		4E71A80508A2C90C0034BBD9 /* Build configuration list for PBXNativeTarget "DellEFI" */ = {
			isa = XCConfigurationList;
			buildConfigurations = (
				4E71A80608A2C90C0034BBD9 /* Debug */,
				4E71A80708A2C90C0034BBD9 /* Release */,
			);
			defaultConfigurationIsVisible = 0;
			defaultConfigurationName = Release;
		};
		4E71A80908A2C90C0034BBD9 /* Build configuration list for PBXProject "DellEFI" */ = {
			isa = XCConfigurationList;
			buildConfigurations = (
				4E71A80A08A2C90C0034BBD9 /* Debug */,
				4E71A80B08A2C90C0034BBD9 /* Release */,
			);
			defaultConfigurationIsVisible = 0;
			defaultConfigurationName = Release;
		};
/* End XCConfigurationList section */
	};
	rootObject = 29B97313FDCFA39411CA2CEA /* Project object */;
}
